{
  "name": "ytptool",
  "version": "1.0.0",
  "lockfileVersion": 1,
  "requires": true,
  "dependencies": {
    "axios": {
      "version": "0.17.1",
      "resolved": "https://registry.npmjs.org/axios/-/axios-0.17.1.tgz",
      "integrity": "sha1-LY4+XQvb1zJ/kbyBT1xXZg+Bgk0=",
      "requires": {
        "follow-redirects": "^1.2.5",
        "is-buffer": "^1.1.5"
      }
    },
    "dotenv": {
      "version": "8.2.0",
      "resolved": "https://registry.npmjs.org/dotenv/-/dotenv-8.2.0.tgz",
      "integrity": "sha512-8sJ78ElpbDJBHNeBzUbUVLsqKdccaa/BXF1uPTw3GrvQTBgrQrtObr2mUrE38vzYd8cEv+m/JBfDLioYcfXoaw=="
    },
    "follow-redirects": {
      "version": "1.13.0",
      "resolved": "https://registry.npmjs.org/follow-redirects/-/follow-redirects-1.13.0.tgz",
      "integrity": "sha512-aq6gF1BEKje4a9i9+5jimNFIpq4Q1WiwBToeRK5NvZBd/TRsmW8BsJfOEGkr76TbOyPVD3OVDN910EcUNtRYEA=="
    },
    "he": {
      "version": "1.2.0",
      "resolved": "https://registry.npmjs.org/he/-/he-1.2.0.tgz",
      "integrity": "sha512-F/1DnUGPopORZi0ni+CvrCgHQ5FyEAHRLSApuYWMmrbSwoN2Mn/7k+Gl38gJnR7yyDZk6WLXwiGod1JOWNDKGw=="
    },
    "is-buffer": {
      "version": "1.1.6",
      "resolved": "https://registry.npmjs.org/is-buffer/-/is-buffer-1.1.6.tgz",
      "integrity": "sha512-NcdALwpXkTm5Zvvbk7owOUSvVvBKDgKP5/ewfXEznmQFfs4ZRmanOeKBTjRVjka3QFoN6XJ+9F3USqfHqTaU5w=="
    },
    "lodash": {
      "version": "4.17.20",
      "resolved": "https://registry.npmjs.org/lodash/-/lodash-4.17.20.tgz",
      "integrity": "sha512-PlhdFcillOINfeV7Ni6oF1TAEayyZBoZ8bcshTHqOYJYlrqzRK5hagpagky5o4HfCzzd1TRkXPMFq6cKk9rGmA=="
    },
    "node-fetch": {
      "version": "2.6.1",
      "resolved": "https://registry.npmjs.org/node-fetch/-/node-fetch-2.6.1.tgz",
      "integrity": "sha512-V4aYg89jEoVRxRb2fJdAg8FHvI7cEyYdVAh94HH0UIK8oJxUfkjlDQN9RbMx+bEjP7+ggMiFRprSti032Oipxw=="
    },
    "striptags": {
      "version": "3.1.1",
      "resolved": "https://registry.npmjs.org/striptags/-/striptags-3.1.1.tgz",
      "integrity": "sha1-yMPn/db7S7OjKjt1LltePjgJPr0="
    },
    "text-to-ipa": {
      "version": "1.0.0",
      "resolved": "https://registry.npmjs.org/text-to-ipa/-/text-to-ipa-1.0.0.tgz",
      "integrity": "sha512-IeUg3FyvuLNMKTxxsu3ZjRRPiMmfrBQb+kUcvq+gu/fbL8Z2obFqYZ8LB96NhMHNsoa9DpCtTp7dKV7TQEpt7Q=="
    },
    "youtube-captions-scraper": {
      "version": "1.0.3",
      "resolved": "https://registry.npmjs.org/youtube-captions-scraper/-/youtube-captions-scraper-1.0.3.tgz",
      "integrity": "sha512-mQeNIHPY9iBsCcoUgCRV/5eEv9eJQhWxl2Wc8W/qBZIiw/6AlcRXbuldJvwKjF4SqDmkBxoxuGlBsOcMJYhLbg==",
      "requires": {
        "axios": "^0.17.1",
        "he": "^1.1.1",
        "lodash": "^4.17.4",
        "striptags": "^3.1.0"
      }
    }
  }
}
